// !$*UTF8*$!
{
	archiveVersion = 1;
	classes = {
	};
	objectVersion = 55;
	objects = {

/* Begin PBXBuildFile section */
		843FAFD227C0E2EB003EEB29 /* AppDelegate.swift in Sources */ = {isa = PBXBuildFile; fileRef = 843FAFD127C0E2EB003EEB29 /* AppDelegate.swift */; };
		843FAFD427C0E2EB003EEB29 /* SceneDelegate.swift in Sources */ = {isa = PBXBuildFile; fileRef = 843FAFD327C0E2EB003EEB29 /* SceneDelegate.swift */; };
		843FAFD627C0E2EB003EEB29 /* ViewController.swift in Sources */ = {isa = PBXBuildFile; fileRef = 843FAFD527C0E2EB003EEB29 /* ViewController.swift */; };
		843FAFD927C0E2EB003EEB29 /* Main.storyboard in Resources */ = {isa = PBXBuildFile; fileRef = 843FAFD727C0E2EB003EEB29 /* Main.storyboard */; };
		843FAFDB27C0E2ED003EEB29 /* Assets.xcassets in Resources */ = {isa = PBXBuildFile; fileRef = 843FAFDA27C0E2ED003EEB29 /* Assets.xcassets */; };
		843FAFDE27C0E2ED003EEB29 /* LaunchScreen.storyboard in Resources */ = {isa = PBXBuildFile; fileRef = 843FAFDC27C0E2ED003EEB29 /* LaunchScreen.storyboard */; };
		8486E51127C270D1008D7F98 /* FinanceTableViewController.swift in Sources */ = {isa = PBXBuildFile; fileRef = 8486E51027C270D1008D7F98 /* FinanceTableViewController.swift */; };
		8486E51327C27112008D7F98 /* FinanceTableViewCell.swift in Sources */ = {isa = PBXBuildFile; fileRef = 8486E51227C27112008D7F98 /* FinanceTableViewCell.swift */; };
		8486E51527C27290008D7F98 /* modelFinance.swift in Sources */ = {isa = PBXBuildFile; fileRef = 8486E51427C27290008D7F98 /* modelFinance.swift */; };
		84E5F73227C0EA8C007D58C8 /* CriptoTableViewController.swift in Sources */ = {isa = PBXBuildFile; fileRef = 84E5F73127C0EA8C007D58C8 /* CriptoTableViewController.swift */; };
		84E5F73427C0F100007D58C8 /* CriptoTableViewCell.swift in Sources */ = {isa = PBXBuildFile; fileRef = 84E5F73327C0F100007D58C8 /* CriptoTableViewCell.swift */; };
		84E5F73627C0F1C7007D58C8 /* modelCripto.swift in Sources */ = {isa = PBXBuildFile; fileRef = 84E5F73527C0F1C7007D58C8 /* modelCripto.swift */; };
/* End PBXBuildFile section */

/* Begin PBXFileReference section */
		843FAFCE27C0E2EB003EEB29 /* courses.app */ = {isa = PBXFileReference; explicitFileType = wrapper.application; includeInIndex = 0; path = courses.app; sourceTree = BUILT_PRODUCTS_DIR; };
		843FAFD127C0E2EB003EEB29 /* AppDelegate.swift */ = {isa = PBXFileReference; lastKnownFileType = sourcecode.swift; path = AppDelegate.swift; sourceTree = "<group>"; };
		843FAFD327C0E2EB003EEB29 /* SceneDelegate.swift */ = {isa = PBXFileReference; lastKnownFileType = sourcecode.swift; path = SceneDelegate.swift; sourceTree = "<group>"; };
		843FAFD527C0E2EB003EEB29 /* ViewController.swift */ = {isa = PBXFileReference; lastKnownFileType = sourcecode.swift; path = ViewController.swift; sourceTree = "<group>"; };
		843FAFD827C0E2EB003EEB29 /* Base */ = {isa = PBXFileReference; lastKnownFileType = file.storyboard; name = Base; path = Base.lproj/Main.storyboard; sourceTree = "<group>"; };
		843FAFDA27C0E2ED003EEB29 /* Assets.xcassets */ = {isa = PBXFileReference; lastKnownFileType = folder.assetcatalog; path = Assets.xcassets; sourceTree = "<group>"; };
		843FAFDD27C0E2ED003EEB29 /* Base */ = {isa = PBXFileReference; lastKnownFileType = file.storyboard; name = Base; path = Base.lproj/LaunchScreen.storyboard; sourceTree = "<group>"; };
		843FAFDF27C0E2ED003EEB29 /* Info.plist */ = {isa = PBXFileReference; lastKnownFileType = text.plist.xml; path = Info.plist; sourceTree = "<group>"; };
		8486E51027C270D1008D7F98 /* FinanceTableViewController.swift */ = {isa = PBXFileReference; lastKnownFileType = sourcecode.swift; path = FinanceTableViewController.swift; sourceTree = "<group>"; };
		8486E51227C27112008D7F98 /* FinanceTableViewCell.swift */ = {isa = PBXFileReference; lastKnownFileType = sourcecode.swift; path = FinanceTableViewCell.swift; sourceTree = "<group>"; };
		8486E51427C27290008D7F98 /* modelFinance.swift */ = {isa = PBXFileReference; lastKnownFileType = sourcecode.swift; path = modelFinance.swift; sourceTree = "<group>"; };
		84E5F73127C0EA8C007D58C8 /* CriptoTableViewController.swift */ = {isa = PBXFileReference; lastKnownFileType = sourcecode.swift; path = CriptoTableViewController.swift; sourceTree = "<group>"; };
		84E5F73327C0F100007D58C8 /* CriptoTableViewCell.swift */ = {isa = PBXFileReference; lastKnownFileType = sourcecode.swift; path = CriptoTableViewCell.swift; sourceTree = "<group>"; };
		84E5F73527C0F1C7007D58C8 /* modelCripto.swift */ = {isa = PBXFileReference; lastKnownFileType = sourcecode.swift; path = modelCripto.swift; sourceTree = "<group>"; };
/* End PBXFileReference section */

/* Begin PBXFrameworksBuildPhase section */
		843FAFCB27C0E2EB003EEB29 /* Frameworks */ = {
			isa = PBXFrameworksBuildPhase;
			buildActionMask = 2147483647;
			files = (
			);
			runOnlyForDeploymentPostprocessing = 0;
		};
/* End PBXFrameworksBuildPhase section */

/* Begin PBXGroup section */
		843FAFC527C0E2EB003EEB29 = {
			isa = PBXGroup;
			children = (
				843FAFD027C0E2EB003EEB29 /* courses */,
				843FAFCF27C0E2EB003EEB29 /* Products */,
			);
			sourceTree = "<group>";
		};
		843FAFCF27C0E2EB003EEB29 /* Products */ = {
			isa = PBXGroup;
			children = (
				843FAFCE27C0E2EB003EEB29 /* courses.app */,
			);
			name = Products;
			sourceTree = "<group>";
		};
		843FAFD027C0E2EB003EEB29 /* courses */ = {
			isa = PBXGroup;
			children = (
				843FAFD127C0E2EB003EEB29 /* AppDelegate.swift */,
				843FAFD327C0E2EB003EEB29 /* SceneDelegate.swift */,
				843FAFD527C0E2EB003EEB29 /* ViewController.swift */,
				84E5F73127C0EA8C007D58C8 /* CriptoTableViewController.swift */,
				84E5F73527C0F1C7007D58C8 /* modelCripto.swift */,
				8486E51427C27290008D7F98 /* modelFinance.swift */,
				8486E51027C270D1008D7F98 /* FinanceTableViewController.swift */,
				8486E51227C27112008D7F98 /* FinanceTableViewCell.swift */,
				84E5F73327C0F100007D58C8 /* CriptoTableViewCell.swift */,
				843FAFD727C0E2EB003EEB29 /* Main.storyboard */,
				843FAFDA27C0E2ED003EEB29 /* Assets.xcassets */,
				843FAFDC27C0E2ED003EEB29 /* LaunchScreen.storyboard */,
				843FAFDF27C0E2ED003EEB29 /* Info.plist */,
			);
			path = courses;
			sourceTree = "<group>";
		};
/* End PBXGroup section */

/* Begin PBXNativeTarget section */
		843FAFCD27C0E2EB003EEB29 /* courses */ = {
			isa = PBXNativeTarget;
			buildConfigurationList = 843FAFE227C0E2ED003EEB29 /* Build configuration list for PBXNativeTarget "courses" */;
			buildPhases = (
				843FAFCA27C0E2EB003EEB29 /* Sources */,
				843FAFCB27C0E2EB003EEB29 /* Frameworks */,
				843FAFCC27C0E2EB003EEB29 /* Resources */,
			);
			buildRules = (
			);
			dependencies = (
			);
			name = courses;
			productName = courses;
			productReference = 843FAFCE27C0E2EB003EEB29 /* courses.app */;
			productType = "com.apple.product-type.application";
		};
/* End PBXNativeTarget section */

/* Begin PBXProject section */
		843FAFC627C0E2EB003EEB29 /* Project object */ = {
			isa = PBXProject;
			attributes = {
				BuildIndependentTargetsInParallel = 1;
				LastSwiftUpdateCheck = 1320;
				LastUpgradeCheck = 1320;
				TargetAttributes = {
					843FAFCD27C0E2EB003EEB29 = {
						CreatedOnToolsVersion = 13.2.1;
					};
				};
			};
			buildConfigurationList = 843FAFC927C0E2EB003EEB29 /* Build configuration list for PBXProject "courses" */;
			compatibilityVersion = "Xcode 13.0";
			developmentRegion = en;
			hasScannedForEncodings = 0;
			knownRegions = (
				en,
				Base,
			);
			mainGroup = 843FAFC527C0E2EB003EEB29;
			productRefGroup = 843FAFCF27C0E2EB003EEB29 /* Products */;
			projectDirPath = "";
			projectRoot = "";
			targets = (
				843FAFCD27C0E2EB003EEB29 /* courses */,
			);
		};
/* End PBXProject section */

/* Begin PBXResourcesBuildPhase section */
		843FAFCC27C0E2EB003EEB29 /* Resources */ = {
			isa = PBXResourcesBuildPhase;
			buildActionMask = 2147483647;
			files = (
				843FAFDE27C0E2ED003EEB29 /* LaunchScreen.storyboard in Resources */,
				843FAFDB27C0E2ED003EEB29 /* Assets.xcassets in Resources */,
				843FAFD927C0E2EB003EEB29 /* Main.storyboard in Resources */,
			);
			runOnlyForDeploymentPostprocessing = 0;
		};
/* End PBXResourcesBuildPhase section */

/* Begin PBXSourcesBuildPhase section */
		843FAFCA27C0E2EB003EEB29 /* Sources */ = {
			isa = PBXSourcesBuildPhase;
			buildActionMask = 2147483647;
			files = (
				84E5F73627C0F1C7007D58C8 /* modelCripto.swift in Sources */,
				8486E51127C270D1008D7F98 /* FinanceTableViewController.swift in Sources */,
				843FAFD627C0E2EB003EEB29 /* ViewController.swift in Sources */,
				84E5F73427C0F100007D58C8 /* CriptoTableViewCell.swift in Sources */,
				8486E51327C27112008D7F98 /* FinanceTableViewCell.swift in Sources */,
				843FAFD227C0E2EB003EEB29 /* AppDelegate.swift in Sources */,
				84E5F73227C0EA8C007D58C8 /* CriptoTableViewController.swift in Sources */,
				8486E51527C27290008D7F98 /* modelFinance.swift in Sources */,
				843FAFD427C0E2EB003EEB29 /* SceneDelegate.swift in Sources */,
			);
			runOnlyForDeploymentPostprocessing = 0;
		};
/* End PBXSourcesBuildPhase section */

/* Begin PBXVariantGroup section */
		843FAFD727C0E2EB003EEB29 /* Main.storyboard */ = {
			isa = PBXVariantGroup;
			children = (
				843FAFD827C0E2EB003EEB29 /* Base */,
			);
			name = Main.storyboard;
			sourceTree = "<group>";
		};
		843FAFDC27C0E2ED003EEB29 /* LaunchScreen.storyboard */ = {
			isa = PBXVariantGroup;
			children = (
				843FAFDD27C0E2ED003EEB29 /* Base */,
			);
			name = LaunchScreen.storyboard;
			sourceTree = "<group>";
		};
/* End PBXVariantGroup section */

/* Begin XCBuildConfiguration section */
		843FAFE027C0E2ED003EEB29 /* Debug */ = {
			isa = XCBuildConfiguration;
			buildSettings = {
				ALWAYS_SEARCH_USER_PATHS = NO;
				CLANG_ANALYZER_NONNULL = YES;
				CLANG_ANALYZER_NUMBER_OBJECT_CONVERSION = YES_AGGRESSIVE;
				CLANG_CXX_LANGUAGE_STANDARD = "gnu++17";
				CLANG_CXX_LIBRARY = "libc++";
				CLANG_ENABLE_MODULES = YES;
				CLANG_ENABLE_OBJC_ARC = YES;
				CLANG_ENABLE_OBJC_WEAK = YES;
				CLANG_WARN_BLOCK_CAPTURE_AUTORELEASING = YES;
				CLANG_WARN_BOOL_CONVERSION = YES;
				CLANG_WARN_COMMA = YES;
				CLANG_WARN_CONSTANT_CONVERSION = YES;
				CLANG_WARN_DEPRECATED_OBJC_IMPLEMENTATIONS = YES;
				CLANG_WARN_DIRECT_OBJC_ISA_USAGE = YES_ERROR;
				CLANG_WARN_DOCUMENTATION_COMMENTS = YES;
				CLANG_WARN_EMPTY_BODY = YES;
				CLANG_WARN_ENUM_CONVERSION = YES;
				CLANG_WARN_INFINITE_RECURSION = YES;
				CLANG_WARN_INT_CONVERSION = YES;
				CLANG_WARN_NON_LITERAL_NULL_CONVERSION = YES;
				CLANG_WARN_OBJC_IMPLICIT_RETAIN_SELF = YES;
				CLANG_WARN_OBJC_LITERAL_CONVERSION = YES;
				CLANG_WARN_OBJC_ROOT_CLASS = YES_ERROR;
				CLANG_WARN_QUOTED_INCLUDE_IN_FRAMEWORK_HEADER = YES;
				CLANG_WARN_RANGE_LOOP_ANALYSIS = YES;
				CLANG_WARN_STRICT_PROTOTYPES = YES;
				CLANG_WARN_SUSPICIOUS_MOVE = YES;
				CLANG_WARN_UNGUARDED_AVAILABILITY = YES_AGGRESSIVE;
				CLANG_WARN_UNREACHABLE_CODE = YES;
				CLANG_WARN__DUPLICATE_METHOD_MATCH = YES;
				COPY_PHASE_STRIP = NO;
				DEBUG_INFORMATION_FORMAT = dwarf;
				ENABLE_STRICT_OBJC_MSGSEND = YES;
				ENABLE_TESTABILITY = YES;
				GCC_C_LANGUAGE_STANDARD = gnu11;
				GCC_DYNAMIC_NO_PIC = NO;
				GCC_NO_COMMON_BLOCKS = YES;
				GCC_OPTIMIZATION_LEVEL = 0;
				GCC_PREPROCESSOR_DEFINITIONS = (
					"DEBUG=1",
					"$(inherited)",
				);
				GCC_WARN_64_TO_32_BIT_CONVERSION = YES;
				GCC_WARN_ABOUT_RETURN_TYPE = YES_ERROR;
				GCC_WARN_UNDECLARED_SELECTOR = YES;
				GCC_WARN_UNINITIALIZED_AUTOS = YES_AGGRESSIVE;
				GCC_WARN_UNUSED_FUNCTION = YES;
				GCC_WARN_UNUSED_VARIABLE = YES;
				IPHONEOS_DEPLOYMENT_TARGET = 15.2;
				MTL_ENABLE_DEBUG_INFO = INCLUDE_SOURCE;
				MTL_FAST_MATH = YES;
				ONLY_ACTIVE_ARCH = YES;
				SDKROOT = iphoneos;
				SWIFT_ACTIVE_COMPILATION_CONDITIONS = DEBUG;
				SWIFT_OPTIMIZATION_LEVEL = "-Onone";
			};
			name = Debug;
		};
		843FAFE127C0E2ED003EEB29 /* Release */ = {
			isa = XCBuildConfiguration;
			buildSettings = {
				ALWAYS_SEARCH_USER_PATHS = NO;
				CLANG_ANALYZER_NONNULL = YES;
				CLANG_ANALYZER_NUMBER_OBJECT_CONVERSION = YES_AGGRESSIVE;
				CLANG_CXX_LANGUAGE_STANDARD = "gnu++17";
				CLANG_CXX_LIBRARY = "libc++";
				CLANG_ENABLE_MODULES = YES;
				CLANG_ENABLE_OBJC_ARC = YES;
				CLANG_ENABLE_OBJC_WEAK = YES;
				CLANG_WARN_BLOCK_CAPTURE_AUTORELEASING = YES;
				CLANG_WARN_BOOL_CONVERSION = YES;
				CLANG_WARN_COMMA = YES;
				CLANG_WARN_CONSTANT_CONVERSION = YES;
				CLANG_WARN_DEPRECATED_OBJC_IMPLEMENTATIONS = YES;
				CLANG_WARN_DIRECT_OBJC_ISA_USAGE = YES_ERROR;
				CLANG_WARN_DOCUMENTATION_COMMENTS = YES;
				CLANG_WARN_EMPTY_BODY = YES;
				CLANG_WARN_ENUM_CONVERSION = YES;
				CLANG_WARN_INFINITE_RECURSION = YES;
				CLANG_WARN_INT_CONVERSION = YES;
				CLANG_WARN_NON_LITERAL_NULL_CONVERSION = YES;
				CLANG_WARN_OBJC_IMPLICIT_RETAIN_SELF = YES;
				CLANG_WARN_OBJC_LITERAL_CONVERSION = YES;
				CLANG_WARN_OBJC_ROOT_CLASS = YES_ERROR;
				CLANG_WARN_QUOTED_INCLUDE_IN_FRAMEWORK_HEADER = YES;
				CLANG_WARN_RANGE_LOOP_ANALYSIS = YES;
				CLANG_WARN_STRICT_PROTOTYPES = YES;
				CLANG_WARN_SUSPICIOUS_MOVE = YES;
				CLANG_WARN_UNGUARDED_AVAILABILITY = YES_AGGRESSIVE;
				CLANG_WARN_UNREACHABLE_CODE = YES;
				CLANG_WARN__DUPLICATE_METHOD_MATCH = YES;
				COPY_PHASE_STRIP = NO;
				DEBUG_INFORMATION_FORMAT = "dwarf-with-dsym";
				ENABLE_NS_ASSERTIONS = NO;
				ENABLE_STRICT_OBJC_MSGSEND = YES;
				GCC_C_LANGUAGE_STANDARD = gnu11;
				GCC_NO_COMMON_BLOCKS = YES;
				GCC_WARN_64_TO_32_BIT_CONVERSION = YES;
				GCC_WARN_ABOUT_RETURN_TYPE = YES_ERROR;
				GCC_WARN_UNDECLARED_SELECTOR = YES;
				GCC_WARN_UNINITIALIZED_AUTOS = YES_AGGRESSIVE;
				GCC_WARN_UNUSED_FUNCTION = YES;
				GCC_WARN_UNUSED_VARIABLE = YES;
				IPHONEOS_DEPLOYMENT_TARGET = 15.2;
				MTL_ENABLE_DEBUG_INFO = NO;
				MTL_FAST_MATH = YES;
				SDKROOT = iphoneos;
				SWIFT_COMPILATION_MODE = wholemodule;
				SWIFT_OPTIMIZATION_LEVEL = "-O";
				VALIDATE_PRODUCT = YES;
			};
			name = Release;
		};
		843FAFE327C0E2ED003EEB29 /* Debug */ = {
			isa = XCBuildConfiguration;
			buildSettings = {
				ASSETCATALOG_COMPILER_APPICON_NAME = AppIcon;
				ASSETCATALOG_COMPILER_GLOBAL_ACCENT_COLOR_NAME = AccentColor;
				CODE_SIGN_STYLE = Automatic;
				CURRENT_PROJECT_VERSION = 1;
				DEVELOPMENT_TEAM = 9V3M2TPSBP;
				GENERATE_INFOPLIST_FILE = YES;
				INFOPLIST_FILE = courses/Info.plist;
				INFOPLIST_KEY_UIApplicationSupportsIndirectInputEvents = YES;
				INFOPLIST_KEY_UILaunchStoryboardName = LaunchScreen;
				INFOPLIST_KEY_UIMainStoryboardFile = Main;
				INFOPLIST_KEY_UISupportedInterfaceOrientations = "UIInterfaceOrientationPortrait UIInterfaceOrientationLandscapeLeft UIInterfaceOrientationLandscapeRight";
				INFOPLIST_KEY_UISupportedInterfaceOrientations_iPad = "UIInterfaceOrientationPortrait UIInterfaceOrientationPortraitUpsideDown UIInterfaceOrientationLandscapeLeft UIInterfaceOrientationLandscapeRight";
				INFOPLIST_KEY_UISupportedInterfaceOrientations_iPhone = "UIInterfaceOrientationPortrait UIInterfaceOrientationLandscapeLeft UIInterfaceOrientationLandscapeRight";
				IPHONEOS_DEPLOYMENT_TARGET = 13.2;
				LD_RUNPATH_SEARCH_PATHS = (
					"$(inherited)",
					"@executable_path/Frameworks",
				);
				MARKETING_VERSION = 1.0;
				PRODUCT_BUNDLE_IDENTIFIER = anuar.courses;
				PRODUCT_NAME = "$(TARGET_NAME)";
				SWIFT_EMIT_LOC_STRINGS = YES;
				SWIFT_VERSION = 5.0;
				TARGETED_DEVICE_FAMILY = "1,2";
			};
			name = Debug;
		};
		843FAFE427C0E2ED003EEB29 /* Release */ = {
			isa = XCBuildConfiguration;
			buildSettings = {
				ASSETCATALOG_COMPILER_APPICON_NAME = AppIcon;
				ASSETCATALOG_COMPILER_GLOBAL_ACCENT_COLOR_NAME = AccentColor;
				CODE_SIGN_STYLE = Automatic;
				CURRENT_PROJECT_VERSION = 1;
				DEVELOPMENT_TEAM = 9V3M2TPSBP;
				GENERATE_INFOPLIST_FILE = YES;
				INFOPLIST_FILE = courses/Info.plist;
				INFOPLIST_KEY_UIApplicationSupportsIndirectInputEvents = YES;
				INFOPLIST_KEY_UILaunchStoryboardName = LaunchScreen;
				INFOPLIST_KEY_UIMainStoryboardFile = Main;
				INFOPLIST_KEY_UISupportedInterfaceOrientations = "UIInterfaceOrientationPortrait UIInterfaceOrientationLandscapeLeft UIInterfaceOrientationLandscapeRight";
				INFOPLIST_KEY_UISupportedInterfaceOrientations_iPad = "UIInterfaceOrientationPortrait UIInterfaceOrientationPortraitUpsideDown UIInterfaceOrientationLandscapeLeft UIInterfaceOrientationLandscapeRight";
				INFOPLIST_KEY_UISupportedInterfaceOrientations_iPhone = "UIInterfaceOrientationPortrait UIInterfaceOrientationLandscapeLeft UIInterfaceOrientationLandscapeRight";
				IPHONEOS_DEPLOYMENT_TARGET = 13.2;
				LD_RUNPATH_SEARCH_PATHS = (
					"$(inherited)",
					"@executable_path/Frameworks",
				);
				MARKETING_VERSION = 1.0;
				PRODUCT_BUNDLE_IDENTIFIER = anuar.courses;
				PRODUCT_NAME = "$(TARGET_NAME)";
				SWIFT_EMIT_LOC_STRINGS = YES;
				SWIFT_VERSION = 5.0;
				TARGETED_DEVICE_FAMILY = "1,2";
			};
			name = Release;
		};
/* End XCBuildConfiguration section */

/* Begin XCConfigurationList section */
		843FAFC927C0E2EB003EEB29 /* Build configuration list for PBXProject "courses" */ = {
			isa = XCConfigurationList;
			buildConfigurations = (
				843FAFE027C0E2ED003EEB29 /* Debug */,
				843FAFE127C0E2ED003EEB29 /* Release */,
			);
			defaultConfigurationIsVisible = 0;
			defaultConfigurationName = Release;
		};
		843FAFE227C0E2ED003EEB29 /* Build configuration list for PBXNativeTarget "courses" */ = {
			isa = XCConfigurationList;
			buildConfigurations = (
				843FAFE327C0E2ED003EEB29 /* Debug */,
				843FAFE427C0E2ED003EEB29 /* Release */,
			);
			defaultConfigurationIsVisible = 0;
			defaultConfigurationName = Release;
		};
/* End XCConfigurationList section */
	};
	rootObject = 843FAFC627C0E2EB003EEB29 /* Project object */;
}
